{
  "name": "torrent-client",
  "version": "1.0.0",
  "lockfileVersion": 2,
  "requires": true,
  "packages": {
    "": {
      "name": "torrent-client",
      "version": "1.0.0",
      "license": "ISC",
      "dependencies": {
        "bencode": "^2.0.2"
      },
      "devDependencies": {
        "@types/node": "^17.0.15",
        "typescript": "^4.5.5"
      }
    },
    "node_modules/@types/node": {
      "version": "17.0.15",
      "resolved": "https://registry.npmjs.org/@types/node/-/node-17.0.15.tgz",
      "integrity": "sha512-zWt4SDDv1S9WRBNxLFxFRHxdD9tvH8f5/kg5/IaLFdnSNXsDY4eL3Q3XXN+VxUnWIhyVFDwcsmAprvwXoM/ClA==",
      "dev": true
    },
    "node_modules/bencode": {
      "version": "2.0.2",
      "resolved": "https://registry.npmjs.org/bencode/-/bencode-2.0.2.tgz",
      "integrity": "sha512-0ilVjnE2diLdbec/3KN14SP0KE85wh8v/FceNRMbAB2ioc3yTj9tgqdoK9tFEH++TZ10JreTS29qTwg7+SpTiQ=="
    },
    "node_modules/typescript": {
      "version": "4.5.5",
      "resolved": "https://registry.npmjs.org/typescript/-/typescript-4.5.5.tgz",
      "integrity": "sha512-TCTIul70LyWe6IJWT8QSYeA54WQe8EjQFU4wY52Fasj5UKx88LNYKCgBEHcOMOrFF1rKGbD8v/xcNWVUq9SymA==",
      "dev": true,
      "bin": {
        "tsc": "bin/tsc",
        "tsserver": "bin/tsserver"
      },
      "engines": {
        "node": ">=4.2.0"
      }
    }
  },
  "dependencies": {
    "@types/node": {
      "version": "17.0.15",
      "resolved": "https://registry.npmjs.org/@types/node/-/node-17.0.15.tgz",
      "integrity": "sha512-zWt4SDDv1S9WRBNxLFxFRHxdD9tvH8f5/kg5/IaLFdnSNXsDY4eL3Q3XXN+VxUnWIhyVFDwcsmAprvwXoM/ClA==",
      "dev": true
    },
    "bencode": {
      "version": "2.0.2",
      "resolved": "https://registry.npmjs.org/bencode/-/bencode-2.0.2.tgz",
      "integrity": "sha512-0ilVjnE2diLdbec/3KN14SP0KE85wh8v/FceNRMbAB2ioc3yTj9tgqdoK9tFEH++TZ10JreTS29qTwg7+SpTiQ=="
    },
    "typescript": {
      "version": "4.5.5",
      "resolved": "https://registry.npmjs.org/typescript/-/typescript-4.5.5.tgz",
      "integrity": "sha512-TCTIul70LyWe6IJWT8QSYeA54WQe8EjQFU4wY52Fasj5UKx88LNYKCgBEHcOMOrFF1rKGbD8v/xcNWVUq9SymA==",
      "dev": true
    }
  }
}
